
Microsoft Visual Studio Solution File, Format Version 12.00
# Visual Studio Version 17
VisualStudioVersion = 17.7.34024.191
MinimumVisualStudioVersion = 10.0.40219.1
Project("{FAE04EC0-301F-11D3-BF4B-00C04F79EFBC}") = "ECommerceServerSide", "ECommerceServerSide\ECommerceServerSide.csproj", "{53EF99A3-B56E-4E66-AE8D-76D5096B1015}"
EndProject
Project("{FAE04EC0-301F-11D3-BF4B-00C04F79EFBC}") = "Core", "Core\Core.csproj", "{7D3A39BA-4739-462A-B2D4-6C0870931C22}"
EndProject
Project("{FAE04EC0-301F-11D3-BF4B-00C04F79EFBC}") = "Infrastructure", "Infrastructure\Infrastructure.csproj", "{92336D85-2CF8-4F9A-A102-FDBE337A988D}"
EndProject
Global
	GlobalSection(SolutionConfigurationPlatforms) = preSolution
		Debug|Any CPU = Debug|Any CPU
		Release|Any CPU = Release|Any CPU
	EndGlobalSection
	GlobalSection(ProjectConfigurationPlatforms) = postSolution
		{53EF99A3-B56E-4E66-AE8D-76D5096B1015}.Debug|Any CPU.ActiveCfg = Debug|Any CPU
		{53EF99A3-B56E-4E66-AE8D-76D5096B1015}.Debug|Any CPU.Build.0 = Debug|Any CPU
		{53EF99A3-B56E-4E66-AE8D-76D5096B1015}.Release|Any CPU.ActiveCfg = Release|Any CPU
		{53EF99A3-B56E-4E66-AE8D-76D5096B1015}.Release|Any CPU.Build.0 = Release|Any CPU
		{7D3A39BA-4739-462A-B2D4-6C0870931C22}.Debug|Any CPU.ActiveCfg = Debug|Any CPU
		{7D3A39BA-4739-462A-B2D4-6C0870931C22}.Debug|Any CPU.Build.0 = Debug|Any CPU
		{7D3A39BA-4739-462A-B2D4-6C0870931C22}.Release|Any CPU.ActiveCfg = Release|Any CPU
		{7D3A39BA-4739-462A-B2D4-6C0870931C22}.Release|Any CPU.Build.0 = Release|Any CPU
		{92336D85-2CF8-4F9A-A102-FDBE337A988D}.Debug|Any CPU.ActiveCfg = Debug|Any CPU
		{92336D85-2CF8-4F9A-A102-FDBE337A988D}.Debug|Any CPU.Build.0 = Debug|Any CPU
		{92336D85-2CF8-4F9A-A102-FDBE337A988D}.Release|Any CPU.ActiveCfg = Release|Any CPU
		{92336D85-2CF8-4F9A-A102-FDBE337A988D}.Release|Any CPU.Build.0 = Release|Any CPU
	EndGlobalSection
	GlobalSection(SolutionProperties) = preSolution
		HideSolutionNode = FALSE
	EndGlobalSection
	GlobalSection(ExtensibilityGlobals) = postSolution
		SolutionGuid = {05DF0D67-9AA4-478D-915A-DB9144007D4B}
	EndGlobalSection
EndGlobal
